
Microsoft Visual Studio Solution File, Format Version 12.00
# Visual Studio 2013
VisualStudioVersion = 12.0.21005.1
MinimumVisualStudioVersion = 10.0.40219.1
Project("{FAE04EC0-301F-11D3-BF4B-00C04F79EFBC}") = "01-Joro-Football-Player", "01-Joro-Football-Player\01-Joro-Football-Player.csproj", "{EA66CBFF-81AA-4423-AC6B-FA06273AB3F8}"
EndProject
Project("{FAE04EC0-301F-11D3-BF4B-00C04F79EFBC}") = "02-Half-Sum", "02-Half-Sum\02-Half-Sum.csproj", "{96A5248C-6797-4F9E-BC39-17B078188B5C}"
EndProject
Project("{FAE04EC0-301F-11D3-BF4B-00C04F79EFBC}") = "03-Sunglasses", "03-Sunglasses\03-Sunglasses.csproj", "{4A0CBFE6-975E-4A79-B711-8A7B551B3853}"
EndProject
Project("{FAE04EC0-301F-11D3-BF4B-00C04F79EFBC}") = "04-Nine-Digit-Magic-Numbers", "04-Nine-Digit-Magic-Numbers\04-Nine-Digit-Magic-Numbers.csproj", "{0BFFDA55-6125-4E91-85B5-63DE666E4E5F}"
EndProject
Project("{FAE04EC0-301F-11D3-BF4B-00C04F79EFBC}") = "05-Bits-Inverter", "05-Bits-Inverter\05-Bits-Inverter.csproj", "{304AD0C3-2532-49D0-9089-9EE35F775B6B}"
EndProject
Project("{FAE04EC0-301F-11D3-BF4B-00C04F79EFBC}") = "05-Bit-Inverter-BITS", "05-Bit-Inverter-BITS\05-Bit-Inverter-BITS.csproj", "{C934EF6B-2701-48A6-B3C6-602FE47E1F71}"
EndProject
Global
	GlobalSection(SolutionConfigurationPlatforms) = preSolution
		Debug|Any CPU = Debug|Any CPU
		Release|Any CPU = Release|Any CPU
	EndGlobalSection
	GlobalSection(ProjectConfigurationPlatforms) = postSolution
		{EA66CBFF-81AA-4423-AC6B-FA06273AB3F8}.Debug|Any CPU.ActiveCfg = Debug|Any CPU
		{EA66CBFF-81AA-4423-AC6B-FA06273AB3F8}.Debug|Any CPU.Build.0 = Debug|Any CPU
		{EA66CBFF-81AA-4423-AC6B-FA06273AB3F8}.Release|Any CPU.ActiveCfg = Release|Any CPU
		{EA66CBFF-81AA-4423-AC6B-FA06273AB3F8}.Release|Any CPU.Build.0 = Release|Any CPU
		{96A5248C-6797-4F9E-BC39-17B078188B5C}.Debug|Any CPU.ActiveCfg = Debug|Any CPU
		{96A5248C-6797-4F9E-BC39-17B078188B5C}.Debug|Any CPU.Build.0 = Debug|Any CPU
		{96A5248C-6797-4F9E-BC39-17B078188B5C}.Release|Any CPU.ActiveCfg = Release|Any CPU
		{96A5248C-6797-4F9E-BC39-17B078188B5C}.Release|Any CPU.Build.0 = Release|Any CPU
		{4A0CBFE6-975E-4A79-B711-8A7B551B3853}.Debug|Any CPU.ActiveCfg = Debug|Any CPU
		{4A0CBFE6-975E-4A79-B711-8A7B551B3853}.Debug|Any CPU.Build.0 = Debug|Any CPU
		{4A0CBFE6-975E-4A79-B711-8A7B551B3853}.Release|Any CPU.ActiveCfg = Release|Any CPU
		{4A0CBFE6-975E-4A79-B711-8A7B551B3853}.Release|Any CPU.Build.0 = Release|Any CPU
		{0BFFDA55-6125-4E91-85B5-63DE666E4E5F}.Debug|Any CPU.ActiveCfg = Debug|Any CPU
		{0BFFDA55-6125-4E91-85B5-63DE666E4E5F}.Debug|Any CPU.Build.0 = Debug|Any CPU
		{0BFFDA55-6125-4E91-85B5-63DE666E4E5F}.Release|Any CPU.ActiveCfg = Release|Any CPU
		{0BFFDA55-6125-4E91-85B5-63DE666E4E5F}.Release|Any CPU.Build.0 = Release|Any CPU
		{304AD0C3-2532-49D0-9089-9EE35F775B6B}.Debug|Any CPU.ActiveCfg = Debug|Any CPU
		{304AD0C3-2532-49D0-9089-9EE35F775B6B}.Debug|Any CPU.Build.0 = Debug|Any CPU
		{304AD0C3-2532-49D0-9089-9EE35F775B6B}.Release|Any CPU.ActiveCfg = Release|Any CPU
		{304AD0C3-2532-49D0-9089-9EE35F775B6B}.Release|Any CPU.Build.0 = Release|Any CPU
		{C934EF6B-2701-48A6-B3C6-602FE47E1F71}.Debug|Any CPU.ActiveCfg = Debug|Any CPU
		{C934EF6B-2701-48A6-B3C6-602FE47E1F71}.Debug|Any CPU.Build.0 = Debug|Any CPU
		{C934EF6B-2701-48A6-B3C6-602FE47E1F71}.Release|Any CPU.ActiveCfg = Release|Any CPU
		{C934EF6B-2701-48A6-B3C6-602FE47E1F71}.Release|Any CPU.Build.0 = Release|Any CPU
	EndGlobalSection
	GlobalSection(SolutionProperties) = preSolution
		HideSolutionNode = FALSE
	EndGlobalSection
EndGlobal
