
Microsoft Visual Studio Solution File, Format Version 12.00
# Visual Studio 2013
VisualStudioVersion = 12.0.30501.0
MinimumVisualStudioVersion = 10.0.40219.1
Project("{FAE04EC0-301F-11D3-BF4B-00C04F79EFBC}") = "01.EF-Mappings", "01.EF-Mappings\01.EF-Mappings.csproj", "{4C18B4B2-7598-477F-8CEB-22B576AE5CA9}"
EndProject
Project("{FAE04EC0-301F-11D3-BF4B-00C04F79EFBC}") = "02.Export-Rivers-as-JSON", "02.Export-Rivers-as-JSON\02.Export-Rivers-as-JSON.csproj", "{9318A5E7-EBF8-414E-B381-DFE957AB1DFA}"
EndProject
Global
	GlobalSection(SolutionConfigurationPlatforms) = preSolution
		Debug|Any CPU = Debug|Any CPU
		Release|Any CPU = Release|Any CPU
	EndGlobalSection
	GlobalSection(ProjectConfigurationPlatforms) = postSolution
		{4C18B4B2-7598-477F-8CEB-22B576AE5CA9}.Debug|Any CPU.ActiveCfg = Debug|Any CPU
		{4C18B4B2-7598-477F-8CEB-22B576AE5CA9}.Debug|Any CPU.Build.0 = Debug|Any CPU
		{4C18B4B2-7598-477F-8CEB-22B576AE5CA9}.Release|Any CPU.ActiveCfg = Release|Any CPU
		{4C18B4B2-7598-477F-8CEB-22B576AE5CA9}.Release|Any CPU.Build.0 = Release|Any CPU
		{9318A5E7-EBF8-414E-B381-DFE957AB1DFA}.Debug|Any CPU.ActiveCfg = Debug|Any CPU
		{9318A5E7-EBF8-414E-B381-DFE957AB1DFA}.Debug|Any CPU.Build.0 = Debug|Any CPU
		{9318A5E7-EBF8-414E-B381-DFE957AB1DFA}.Release|Any CPU.ActiveCfg = Release|Any CPU
		{9318A5E7-EBF8-414E-B381-DFE957AB1DFA}.Release|Any CPU.Build.0 = Release|Any CPU
	EndGlobalSection
	GlobalSection(SolutionProperties) = preSolution
		HideSolutionNode = FALSE
	EndGlobalSection
EndGlobal
