
Microsoft Visual Studio Solution File, Format Version 12.00
# Visual Studio 2013
VisualStudioVersion = 12.0.30501.0
MinimumVisualStudioVersion = 10.0.40219.1
Project("{FAE04EC0-301F-11D3-BF4B-00C04F79EFBC}") = "01.EF-Mappings", "01.EF-Mappings\01.EF-Mappings.csproj", "{4C18B4B2-7598-477F-8CEB-22B576AE5CA9}"
EndProject
Project("{FAE04EC0-301F-11D3-BF4B-00C04F79EFBC}") = "02.Export-Rivers-as-JSON", "02.Export-Rivers-as-JSON\02.Export-Rivers-as-JSON.csproj", "{9318A5E7-EBF8-414E-B381-DFE957AB1DFA}"
EndProject
Project("{FAE04EC0-301F-11D3-BF4B-00C04F79EFBC}") = "03.Export-Monasteries-as-XML", "03.Export-Monasteries-as-XML\03.Export-Monasteries-as-XML.csproj", "{53265487-3B80-4B19-9841-7A048BCAF89F}"
EndProject
Project("{FAE04EC0-301F-11D3-BF4B-00C04F79EFBC}") = "04.Import-Rivers-From-XML", "04.Import-Rivers-From-XML\04.Import-Rivers-From-XML.csproj", "{462F9045-A326-4A9A-80FE-ACCDBB5BA854}"
EndProject
Project("{FAE04EC0-301F-11D3-BF4B-00C04F79EFBC}") = "05.Mountains-Code-First", "05.Mountains-Code-First\05.Mountains-Code-First.csproj", "{19E65F8E-C78E-4221-8AA5-96F85CE6B2A0}"
EndProject
Global
	GlobalSection(SolutionConfigurationPlatforms) = preSolution
		Debug|Any CPU = Debug|Any CPU
		Release|Any CPU = Release|Any CPU
	EndGlobalSection
	GlobalSection(ProjectConfigurationPlatforms) = postSolution
		{4C18B4B2-7598-477F-8CEB-22B576AE5CA9}.Debug|Any CPU.ActiveCfg = Debug|Any CPU
		{4C18B4B2-7598-477F-8CEB-22B576AE5CA9}.Debug|Any CPU.Build.0 = Debug|Any CPU
		{4C18B4B2-7598-477F-8CEB-22B576AE5CA9}.Release|Any CPU.ActiveCfg = Release|Any CPU
		{4C18B4B2-7598-477F-8CEB-22B576AE5CA9}.Release|Any CPU.Build.0 = Release|Any CPU
		{9318A5E7-EBF8-414E-B381-DFE957AB1DFA}.Debug|Any CPU.ActiveCfg = Debug|Any CPU
		{9318A5E7-EBF8-414E-B381-DFE957AB1DFA}.Debug|Any CPU.Build.0 = Debug|Any CPU
		{9318A5E7-EBF8-414E-B381-DFE957AB1DFA}.Release|Any CPU.ActiveCfg = Release|Any CPU
		{9318A5E7-EBF8-414E-B381-DFE957AB1DFA}.Release|Any CPU.Build.0 = Release|Any CPU
		{53265487-3B80-4B19-9841-7A048BCAF89F}.Debug|Any CPU.ActiveCfg = Debug|Any CPU
		{53265487-3B80-4B19-9841-7A048BCAF89F}.Debug|Any CPU.Build.0 = Debug|Any CPU
		{53265487-3B80-4B19-9841-7A048BCAF89F}.Release|Any CPU.ActiveCfg = Release|Any CPU
		{53265487-3B80-4B19-9841-7A048BCAF89F}.Release|Any CPU.Build.0 = Release|Any CPU
		{462F9045-A326-4A9A-80FE-ACCDBB5BA854}.Debug|Any CPU.ActiveCfg = Debug|Any CPU
		{462F9045-A326-4A9A-80FE-ACCDBB5BA854}.Debug|Any CPU.Build.0 = Debug|Any CPU
		{462F9045-A326-4A9A-80FE-ACCDBB5BA854}.Release|Any CPU.ActiveCfg = Release|Any CPU
		{462F9045-A326-4A9A-80FE-ACCDBB5BA854}.Release|Any CPU.Build.0 = Release|Any CPU
		{19E65F8E-C78E-4221-8AA5-96F85CE6B2A0}.Debug|Any CPU.ActiveCfg = Debug|Any CPU
		{19E65F8E-C78E-4221-8AA5-96F85CE6B2A0}.Debug|Any CPU.Build.0 = Debug|Any CPU
		{19E65F8E-C78E-4221-8AA5-96F85CE6B2A0}.Release|Any CPU.ActiveCfg = Release|Any CPU
		{19E65F8E-C78E-4221-8AA5-96F85CE6B2A0}.Release|Any CPU.Build.0 = Release|Any CPU
	EndGlobalSection
	GlobalSection(SolutionProperties) = preSolution
		HideSolutionNode = FALSE
	EndGlobalSection
EndGlobal
