
Microsoft Visual Studio Solution File, Format Version 12.00
# Visual Studio 2013
VisualStudioVersion = 12.0.31101.0
MinimumVisualStudioVersion = 10.0.40219.1
Project("{FAE04EC0-301F-11D3-BF4B-00C04F79EFBC}") = "Bookmarks.Data", "Bookmarks.Data\Bookmarks.Data.csproj", "{9B4F0033-874F-47B8-873F-74AEADD7C109}"
EndProject
Project("{FAE04EC0-301F-11D3-BF4B-00C04F79EFBC}") = "Bookmarks.Models", "Bookmarks.Models\Bookmarks.Models.csproj", "{C9E31C38-45C2-4B2D-892D-74A91909EABB}"
EndProject
Project("{FAE04EC0-301F-11D3-BF4B-00C04F79EFBC}") = "Bookmarks.Web", "Bookmarks.Web\Bookmarks.Web.csproj", "{1CFC735F-57ED-486C-BA18-3A3FEA036DDA}"
EndProject
Project("{FAE04EC0-301F-11D3-BF4B-00C04F79EFBC}") = "Bookmarks.Common", "Bookmarks.Common\Bookmarks.Common.csproj", "{D4B5BDC5-98FB-405D-8823-810F21FE2462}"
EndProject
Global
	GlobalSection(SolutionConfigurationPlatforms) = preSolution
		Debug|Any CPU = Debug|Any CPU
		Release|Any CPU = Release|Any CPU
	EndGlobalSection
	GlobalSection(ProjectConfigurationPlatforms) = postSolution
		{9B4F0033-874F-47B8-873F-74AEADD7C109}.Debug|Any CPU.ActiveCfg = Debug|Any CPU
		{9B4F0033-874F-47B8-873F-74AEADD7C109}.Debug|Any CPU.Build.0 = Debug|Any CPU
		{9B4F0033-874F-47B8-873F-74AEADD7C109}.Release|Any CPU.ActiveCfg = Release|Any CPU
		{9B4F0033-874F-47B8-873F-74AEADD7C109}.Release|Any CPU.Build.0 = Release|Any CPU
		{C9E31C38-45C2-4B2D-892D-74A91909EABB}.Debug|Any CPU.ActiveCfg = Debug|Any CPU
		{C9E31C38-45C2-4B2D-892D-74A91909EABB}.Debug|Any CPU.Build.0 = Debug|Any CPU
		{C9E31C38-45C2-4B2D-892D-74A91909EABB}.Release|Any CPU.ActiveCfg = Release|Any CPU
		{C9E31C38-45C2-4B2D-892D-74A91909EABB}.Release|Any CPU.Build.0 = Release|Any CPU
		{1CFC735F-57ED-486C-BA18-3A3FEA036DDA}.Debug|Any CPU.ActiveCfg = Debug|Any CPU
		{1CFC735F-57ED-486C-BA18-3A3FEA036DDA}.Debug|Any CPU.Build.0 = Debug|Any CPU
		{1CFC735F-57ED-486C-BA18-3A3FEA036DDA}.Release|Any CPU.ActiveCfg = Release|Any CPU
		{1CFC735F-57ED-486C-BA18-3A3FEA036DDA}.Release|Any CPU.Build.0 = Release|Any CPU
		{D4B5BDC5-98FB-405D-8823-810F21FE2462}.Debug|Any CPU.ActiveCfg = Debug|Any CPU
		{D4B5BDC5-98FB-405D-8823-810F21FE2462}.Debug|Any CPU.Build.0 = Debug|Any CPU
		{D4B5BDC5-98FB-405D-8823-810F21FE2462}.Release|Any CPU.ActiveCfg = Release|Any CPU
		{D4B5BDC5-98FB-405D-8823-810F21FE2462}.Release|Any CPU.Build.0 = Release|Any CPU
	EndGlobalSection
	GlobalSection(SolutionProperties) = preSolution
		HideSolutionNode = FALSE
	EndGlobalSection
EndGlobal
