
Microsoft Visual Studio Solution File, Format Version 12.00
# Visual Studio 2013
VisualStudioVersion = 12.0.30501.0
MinimumVisualStudioVersion = 10.0.40219.1
Project("{FAE04EC0-301F-11D3-BF4B-00C04F79EFBC}") = "TicTacToe.Web", "TicTacToe.Web\TicTacToe.Web.csproj", "{A57698D4-183E-4400-9AA2-DA53E26493F1}"
EndProject
Project("{FAE04EC0-301F-11D3-BF4B-00C04F79EFBC}") = "TicTacToe.Models", "TicTacToe.Models\TicTacToe.Models.csproj", "{FBEC15C7-FF64-4D44-96D0-8478C86BAD15}"
EndProject
Project("{FAE04EC0-301F-11D3-BF4B-00C04F79EFBC}") = "TicTacToe.Data", "TicTacToe.Data\TicTacToe.Data.csproj", "{9F52532F-6EB2-40F6-8197-805EB9A107CA}"
EndProject
Global
	GlobalSection(SolutionConfigurationPlatforms) = preSolution
		Debug|Any CPU = Debug|Any CPU
		Release|Any CPU = Release|Any CPU
	EndGlobalSection
	GlobalSection(ProjectConfigurationPlatforms) = postSolution
		{A57698D4-183E-4400-9AA2-DA53E26493F1}.Debug|Any CPU.ActiveCfg = Debug|Any CPU
		{A57698D4-183E-4400-9AA2-DA53E26493F1}.Debug|Any CPU.Build.0 = Debug|Any CPU
		{A57698D4-183E-4400-9AA2-DA53E26493F1}.Release|Any CPU.ActiveCfg = Release|Any CPU
		{A57698D4-183E-4400-9AA2-DA53E26493F1}.Release|Any CPU.Build.0 = Release|Any CPU
		{FBEC15C7-FF64-4D44-96D0-8478C86BAD15}.Debug|Any CPU.ActiveCfg = Debug|Any CPU
		{FBEC15C7-FF64-4D44-96D0-8478C86BAD15}.Debug|Any CPU.Build.0 = Debug|Any CPU
		{FBEC15C7-FF64-4D44-96D0-8478C86BAD15}.Release|Any CPU.ActiveCfg = Release|Any CPU
		{FBEC15C7-FF64-4D44-96D0-8478C86BAD15}.Release|Any CPU.Build.0 = Release|Any CPU
		{9F52532F-6EB2-40F6-8197-805EB9A107CA}.Debug|Any CPU.ActiveCfg = Debug|Any CPU
		{9F52532F-6EB2-40F6-8197-805EB9A107CA}.Debug|Any CPU.Build.0 = Debug|Any CPU
		{9F52532F-6EB2-40F6-8197-805EB9A107CA}.Release|Any CPU.ActiveCfg = Release|Any CPU
		{9F52532F-6EB2-40F6-8197-805EB9A107CA}.Release|Any CPU.Build.0 = Release|Any CPU
	EndGlobalSection
	GlobalSection(SolutionProperties) = preSolution
		HideSolutionNode = FALSE
	EndGlobalSection
EndGlobal
